{
  "version": 4,
  "terraform_version": "0.12.18",
  "serial": 161,
  "lineage": "2546abe3-9aab-bfb8-b2b5-6a59c354547c",
  "outputs": {},
  "resources": [
    {
      "mode": "managed",
      "type": "google_compute_firewall",
      "name": "default",
      "provider": "provider.google",
      "instances": [
        {
          "schema_version": 1,
          "attributes": {
            "allow": [
              {
                "ports": [
                  "80",
                  "8080",
                  "800",
                  "1000-2000",
                  "5000",
                  "22",
                  "5672",
                  "15672",
                  "9419",
                  "15692",
                  "3000",
                  "9090",
                  "5005",
                  "9100"
                ],
                "protocol": "tcp"
              },
              {
                "ports": [],
                "protocol": "icmp"
              }
            ],
            "creation_timestamp": "2020-01-22T07:48:47.226-08:00",
            "deny": [],
            "description": "",
            "destination_ranges": [],
            "direction": "INGRESS",
            "disabled": false,
            "enable_logging": false,
            "id": "projects/testproject-261510/global/firewalls/firewall-master",
            "name": "firewall-master",
            "network": "https://www.googleapis.com/compute/v1/projects/testproject-261510/global/networks/network-master",
            "priority": 1000,
            "project": "testproject-261510",
            "self_link": "https://www.googleapis.com/compute/v1/projects/testproject-261510/global/firewalls/firewall-master",
            "source_ranges": [
              "0.0.0.0/0"
            ],
            "source_service_accounts": null,
            "source_tags": [
              "web"
            ],
            "target_service_accounts": null,
            "target_tags": null,
            "timeouts": null
          },
          "private": "eyJlMmJmYjczMC1lY2FhLTExZTYtOGY4OC0zNDM2M2JjN2M0YzAiOnsiY3JlYXRlIjoyNDAwMDAwMDAwMDAsImRlbGV0ZSI6MjQwMDAwMDAwMDAwLCJ1cGRhdGUiOjI0MDAwMDAwMDAwMH0sInNjaGVtYV92ZXJzaW9uIjoiMSJ9",
          "dependencies": [
            "google_compute_network.vpc_network"
          ]
        }
      ]
    },
    {
      "mode": "managed",
      "type": "google_compute_instance",
      "name": "vm_instance",
      "each": "list",
      "provider": "provider.google",
      "instances": [
        {
          "index_key": 0,
          "schema_version": 6,
          "attributes": {
            "allow_stopping_for_update": null,
            "attached_disk": [],
            "boot_disk": [
              {
                "auto_delete": true,
                "device_name": "persistent-disk-0",
                "disk_encryption_key_raw": "",
                "disk_encryption_key_sha256": "",
                "initialize_params": [
                  {
                    "image": "https://www.googleapis.com/compute/v1/projects/debian-cloud/global/images/debian-9-stretch-v20191210",
                    "labels": {},
                    "size": 10,
                    "type": "pd-standard"
                  }
                ],
                "kms_key_self_link": "",
                "mode": "READ_WRITE",
                "source": "https://www.googleapis.com/compute/v1/projects/testproject-261510/zones/europe-north1-a/disks/master-0"
              }
            ],
            "can_ip_forward": false,
            "cpu_platform": "Intel Skylake",
            "deletion_protection": false,
            "description": "",
            "enable_display": false,
            "guest_accelerator": [],
            "hostname": "",
            "id": "projects/testproject-261510/zones/europe-north1-a/instances/master-0",
            "instance_id": "4650594627534311455",
            "label_fingerprint": "42WmSpB8rSM=",
            "labels": null,
            "machine_type": "n1-standard-1",
            "metadata": {
              "ssh-keys": "c15knn:ssh-rsa AAAAB3NzaC1yc2EAAAADAQABAAACAQC4oIJAWmyoEVZbU3RC6fUiQjFqEmeyQ/SYJFWYnRLVT5fFp4kxMg2mDp2GUsGKXZBry51dXsRQ+2xGwaNaPFO6BM08J4PW2RO9daSmTeQIss35y/4jjrzu0lMgTDskwxQLA7KEJ26o9+ao7IvxcdRIrlZH/kBii4Hi775Lfemw1/kL27gKcJ+i1xgrwzD5h6rMwXkGAi9psVvhtzq7yc9Fk4YFlbQs5WvDx4dw/zyCEq+WvZO08/rG34D9V7gmDsnL7T+GNTgTShsWvELRUPuLWEzUPS/VsYRrG0PDhakmKMwoJUY8ro/MkOz2F1MF3O9aMYNSJqfISe834LPCFpO0IKwcxDvuwnm8yygvmWan51vHdxuWjx85XgwXbJhIk6hEFjU4/tsAvZvOl4NEmgU591UBTuF8GddzOWwpsVzWQHkgEm3TWz96C3u3PX9+q6NJGUXpuWPeFaxigJao7hNDyiGzbsaBFB3/5vBuNXFJ5Rs4794iV+3tvo5YSus2jZC3+l9ZZRJnXnzbu8KGWdwEoC/TKd03wj4v6mmhvSZkJXWpFP0CC6MJpoHCNasTgWabf8Zll0tuOur9YY2D3xVxCLZb0UmO1PfHXNvfeIT+4GFDAnpHxlT5vUAXQfMZfwFoBlX/59up1ZSd207pVgv+9vlJRrU+ls7/azZLHrv6EQ== nygrenkaj\n"
            },
            "metadata_fingerprint": "U_ki-n7LoHU=",
            "metadata_startup_script": "#!/bin/bash\nsudo apt-get update\nsudo curl -sSL https://get.docker.com/ | sh\nsudo systemctl start docker\n#sudo docker run -d -p 80:80 nginx\nsudo docker rm $(docker ps -a -q) # stop and delete all old containers\nsudo docker run -d -p 5000:5000 gcr.io/testproject-261510/master:latest\n#sudo docker run --rm --name rabbitmq -p 5672:5672 -p 15672:15672 -p 15692:15692 rabbitmq:3-management\nsudo docker run -d -e RABBITMQ_NODENAME=my-rabbit --hostname rabbitmq-01 --name rabbitmq-01 -p 5672:5672 -p 15672:15672 -p 15692:15692 -p 9419:9419 -v rabbitmq-01-data:/var/lib/rabbitmq rabbitmq:3-management\nsudo docker run -d --net=container:rabbitmq-01 kbudde/rabbitmq-exporter\nsudo docker run -d -p 3000:3000 grafana/grafana\nsudo docker run -d -p 9090:9090 --hostname=prometheus-01 -v prometheus-01:/etc/prometheus gcr.io/testproject-261510/prometheus:latest\nsudo docker run -d -p 5005:5005 -v prometheus-01:/etc/prometheus gcr.io/testproject-261510/service-registry:latest\nsudo docker run -d -p 9100:9100 prom/node-exporter\n",
            "min_cpu_platform": "",
            "name": "master-0",
            "network_interface": [
              {
                "access_config": [
                  {
                    "nat_ip": "35.228.95.170",
                    "network_tier": "PREMIUM",
                    "public_ptr_domain_name": ""
                  }
                ],
                "alias_ip_range": [],
                "name": "nic0",
                "network": "https://www.googleapis.com/compute/v1/projects/testproject-261510/global/networks/network-master",
                "network_ip": "10.0.0.2",
                "subnetwork": "https://www.googleapis.com/compute/v1/projects/testproject-261510/regions/europe-north1/subnetworks/subnetwork-master",
                "subnetwork_project": "testproject-261510"
              }
            ],
            "project": "testproject-261510",
            "scheduling": [
              {
                "automatic_restart": true,
                "node_affinities": [],
                "on_host_maintenance": "MIGRATE",
                "preemptible": false
              }
            ],
            "scratch_disk": [],
            "self_link": "https://www.googleapis.com/compute/v1/projects/testproject-261510/zones/europe-north1-a/instances/master-0",
            "service_account": [],
            "shielded_instance_config": [],
            "tags": null,
            "tags_fingerprint": "42WmSpB8rSM=",
            "timeouts": null,
            "zone": "europe-north1-a"
          },
          "private": "eyJlMmJmYjczMC1lY2FhLTExZTYtOGY4OC0zNDM2M2JjN2M0YzAiOnsiY3JlYXRlIjoxMjAwMDAwMDAwMDAwLCJkZWxldGUiOjEyMDAwMDAwMDAwMDAsInVwZGF0ZSI6MTIwMDAwMDAwMDAwMH0sInNjaGVtYV92ZXJzaW9uIjoiNiJ9",
          "dependencies": [
            "google_compute_network.vpc_network",
            "google_compute_subnetwork.vpc_subnetwork"
          ]
        }
      ]
    },
    {
      "mode": "managed",
      "type": "google_compute_network",
      "name": "vpc_network",
      "provider": "provider.google",
      "instances": [
        {
          "schema_version": 0,
          "attributes": {
            "auto_create_subnetworks": false,
            "delete_default_routes_on_create": false,
            "description": "",
            "gateway_ipv4": "",
            "id": "projects/testproject-261510/global/networks/network-master",
            "ipv4_range": null,
            "name": "network-master",
            "project": "testproject-261510",
            "routing_mode": "REGIONAL",
            "self_link": "https://www.googleapis.com/compute/v1/projects/testproject-261510/global/networks/network-master",
            "timeouts": null
          },
          "private": "eyJlMmJmYjczMC1lY2FhLTExZTYtOGY4OC0zNDM2M2JjN2M0YzAiOnsiY3JlYXRlIjoyNDAwMDAwMDAwMDAsImRlbGV0ZSI6MjQwMDAwMDAwMDAwLCJ1cGRhdGUiOjI0MDAwMDAwMDAwMH19"
        }
      ]
    },
    {
      "mode": "managed",
      "type": "google_compute_subnetwork",
      "name": "vpc_subnetwork",
      "provider": "provider.google",
      "instances": [
        {
          "schema_version": 0,
          "attributes": {
            "creation_timestamp": "2020-01-22T07:48:47.534-08:00",
            "description": "",
            "enable_flow_logs": null,
            "fingerprint": null,
            "gateway_address": "10.0.0.1",
            "id": "projects/testproject-261510/regions/europe-north1/subnetworks/subnetwork-master",
            "ip_cidr_range": "10.0.0.0/22",
            "log_config": [],
            "name": "subnetwork-master",
            "network": "https://www.googleapis.com/compute/v1/projects/testproject-261510/global/networks/network-master",
            "private_ip_google_access": false,
            "project": "testproject-261510",
            "region": "europe-north1",
            "secondary_ip_range": [],
            "self_link": "https://www.googleapis.com/compute/v1/projects/testproject-261510/regions/europe-north1/subnetworks/subnetwork-master",
            "timeouts": null
          },
          "private": "eyJlMmJmYjczMC1lY2FhLTExZTYtOGY4OC0zNDM2M2JjN2M0YzAiOnsiY3JlYXRlIjozNjAwMDAwMDAwMDAsImRlbGV0ZSI6MzYwMDAwMDAwMDAwLCJ1cGRhdGUiOjM2MDAwMDAwMDAwMH19",
          "dependencies": [
            "google_compute_network.vpc_network"
          ]
        }
      ]
    }
  ]
}
