{
  "version": 4,
  "terraform_version": "0.12.18",
  "serial": 4,
  "lineage": "e7153dbf-52e7-4e85-1fcc-3020df59be37",
  "outputs": {},
  "resources": [
    {
      "mode": "managed",
      "type": "google_compute_firewall",
      "name": "default",
      "provider": "provider.google",
      "instances": [
        {
          "schema_version": 1,
          "attributes": {
            "allow": [
              {
                "ports": [
                  "80",
                  "8080",
                  "800",
                  "1000-2000",
                  "22"
                ],
                "protocol": "tcp"
              },
              {
                "ports": [],
                "protocol": "icmp"
              }
            ],
            "creation_timestamp": "2020-01-07T05:46:57.004-08:00",
            "deny": [],
            "description": "",
            "destination_ranges": [],
            "direction": "INGRESS",
            "disabled": false,
            "enable_logging": false,
            "id": "projects/testproject-261510/global/firewalls/master-firewall",
            "name": "master-firewall",
            "network": "https://www.googleapis.com/compute/v1/projects/testproject-261510/global/networks/terraform-network",
            "priority": 1000,
            "project": "testproject-261510",
            "self_link": "https://www.googleapis.com/compute/v1/projects/testproject-261510/global/firewalls/master-firewall",
            "source_ranges": [
              "0.0.0.0/0"
            ],
            "source_service_accounts": null,
            "source_tags": [
              "web"
            ],
            "target_service_accounts": null,
            "target_tags": null,
            "timeouts": null
          },
          "private": "eyJlMmJmYjczMC1lY2FhLTExZTYtOGY4OC0zNDM2M2JjN2M0YzAiOnsiY3JlYXRlIjoyNDAwMDAwMDAwMDAsImRlbGV0ZSI6MjQwMDAwMDAwMDAwLCJ1cGRhdGUiOjI0MDAwMDAwMDAwMH0sInNjaGVtYV92ZXJzaW9uIjoiMSJ9",
          "dependencies": [
            "google_compute_network.vpc_network"
          ]
        }
      ]
    },
    {
      "mode": "managed",
      "type": "google_compute_instance",
      "name": "vm_instance",
      "provider": "provider.google",
      "instances": [
        {
          "schema_version": 6,
          "attributes": {
            "allow_stopping_for_update": null,
            "attached_disk": [],
            "boot_disk": [
              {
                "auto_delete": true,
                "device_name": "persistent-disk-0",
                "disk_encryption_key_raw": "",
                "disk_encryption_key_sha256": "",
                "initialize_params": [
                  {
                    "image": "https://www.googleapis.com/compute/v1/projects/debian-cloud/global/images/debian-9-stretch-v20191210",
                    "labels": {},
                    "size": 10,
                    "type": "pd-standard"
                  }
                ],
                "kms_key_self_link": "",
                "mode": "READ_WRITE",
                "source": "https://www.googleapis.com/compute/v1/projects/testproject-261510/zones/europe-north1-a/disks/master-1"
              }
            ],
            "can_ip_forward": false,
            "cpu_platform": "Intel Skylake",
            "deletion_protection": false,
            "description": "",
            "enable_display": false,
            "guest_accelerator": [],
            "hostname": "",
            "id": "projects/testproject-261510/zones/europe-north1-a/instances/master-1",
            "instance_id": "8557481250040395069",
            "label_fingerprint": "42WmSpB8rSM=",
            "labels": null,
            "machine_type": "n1-standard-1",
            "metadata": {
              "ssh-keys": "c15knn:ssh-rsa AAAAB3NzaC1yc2EAAAADAQABAAACAQCYo79IXkbGW5SKuKJPvEcagaIUhbXRmufkyXMT7hibzr++DgW2sfaVBNPE/FzLEpn/4BeJItsx0DJZdtRKwn8orcKfF1hqdjcYCfO0YV00N9AqrjJvDi89s9M3N3GqseV/0A2UACTmCqQO0xYWjqWyNjWprTBRVzbBxgTZURqAS6nRfjxyiEEZWM1AQiYIoU1POusMV4OKqbD/lArg+oETtl0ZgLkPiEL21GfyCI+3k4wAWcw3S79hjXM0ATbn4je6LVMcLl17m4ZYCMcC0W6MvfOusiD63CmSyGj/vCxuhnhap158Oe15zRLrmlG7avkmaGGj+h+uPDllZ9TX839HbBFyDQTimPtit0VxO16XNj8JiNyrp8tyhtBHLGKlDPv7K2be7HFRK5J/Pc2p0uqDxhGiH671xlfolRV0jOAsiulYUXcs68LJSbRCvfeEij8HWeOrGYoZyJBWfbYxAmChw3vmpmmlzwU+ro48seOK4QTTO0+0S1JPitrQkLbb8aub+fo5j6MU1bct6VvJ04ZOWbGy1Wmza/2K8fnJponGeWMWfImbmAuzK62UpVjkmVAV9pdl6UcA2UPHDUAb41nvibH5+TEDmjF8A/ZHxo+SUxCUZGmG38YRIqGoT8kPUvgZnmd0QJBeuAeCo2NBEjJgeqqSQi776Z5Dj5tL9ekoqw== c15knn\n"
            },
            "metadata_fingerprint": "XfJMb2Luupg=",
            "metadata_startup_script": "#!/bin/bash\nsudo apt-get update\nsudo apt-get --yes --force-yes install nginx\n\n",
            "min_cpu_platform": "",
            "name": "master-1",
            "network_interface": [
              {
                "access_config": [
                  {
                    "nat_ip": "35.228.95.170",
                    "network_tier": "PREMIUM",
                    "public_ptr_domain_name": ""
                  }
                ],
                "alias_ip_range": [],
                "name": "nic0",
                "network": "https://www.googleapis.com/compute/v1/projects/testproject-261510/global/networks/terraform-network",
                "network_ip": "10.166.0.2",
                "subnetwork": "https://www.googleapis.com/compute/v1/projects/testproject-261510/regions/europe-north1/subnetworks/terraform-network",
                "subnetwork_project": "testproject-261510"
              }
            ],
            "project": "testproject-261510",
            "scheduling": [
              {
                "automatic_restart": true,
                "node_affinities": [],
                "on_host_maintenance": "MIGRATE",
                "preemptible": false
              }
            ],
            "scratch_disk": [],
            "self_link": "https://www.googleapis.com/compute/v1/projects/testproject-261510/zones/europe-north1-a/instances/master-1",
            "service_account": [],
            "shielded_instance_config": [],
            "tags": null,
            "tags_fingerprint": "42WmSpB8rSM=",
            "timeouts": null,
            "zone": "europe-north1-a"
          },
          "private": "eyJlMmJmYjczMC1lY2FhLTExZTYtOGY4OC0zNDM2M2JjN2M0YzAiOnsiY3JlYXRlIjoxMjAwMDAwMDAwMDAwLCJkZWxldGUiOjEyMDAwMDAwMDAwMDAsInVwZGF0ZSI6MTIwMDAwMDAwMDAwMH0sInNjaGVtYV92ZXJzaW9uIjoiNiJ9",
          "dependencies": [
            "google_compute_network.vpc_network"
          ]
        }
      ]
    },
    {
      "mode": "managed",
      "type": "google_compute_network",
      "name": "vpc_network",
      "provider": "provider.google",
      "instances": [
        {
          "schema_version": 0,
          "attributes": {
            "auto_create_subnetworks": true,
            "delete_default_routes_on_create": false,
            "description": "",
            "gateway_ipv4": "",
            "id": "projects/testproject-261510/global/networks/terraform-network",
            "ipv4_range": null,
            "name": "terraform-network",
            "project": "testproject-261510",
            "routing_mode": "REGIONAL",
            "self_link": "https://www.googleapis.com/compute/v1/projects/testproject-261510/global/networks/terraform-network",
            "timeouts": null
          },
          "private": "eyJlMmJmYjczMC1lY2FhLTExZTYtOGY4OC0zNDM2M2JjN2M0YzAiOnsiY3JlYXRlIjoyNDAwMDAwMDAwMDAsImRlbGV0ZSI6MjQwMDAwMDAwMDAwLCJ1cGRhdGUiOjI0MDAwMDAwMDAwMH19"
        }
      ]
    }
  ]
}
