{
  "version": 4,
  "terraform_version": "0.12.18",
  "serial": 5,
  "lineage": "afad6116-5640-7862-74e4-21dd4a3fc2c6",
  "outputs": {},
  "resources": [
    {
      "mode": "managed",
      "type": "google_compute_firewall",
      "name": "default",
      "provider": "provider.google",
      "instances": [
        {
          "schema_version": 1,
          "attributes": {
            "allow": [
              {
                "ports": [
                  "80",
                  "8080",
                  "800",
                  "1000-2000",
                  "5000",
                  "22",
                  "5672",
                  "15672"
                ],
                "protocol": "tcp"
              },
              {
                "ports": [],
                "protocol": "icmp"
              }
            ],
            "creation_timestamp": "2020-01-13T04:33:01.010-08:00",
            "deny": [],
            "description": "",
            "destination_ranges": [],
            "direction": "INGRESS",
            "disabled": false,
            "enable_logging": false,
            "id": "projects/testproject-261510/global/firewalls/firewall-master",
            "name": "firewall-master",
            "network": "https://www.googleapis.com/compute/v1/projects/testproject-261510/global/networks/network-master",
            "priority": 1000,
            "project": "testproject-261510",
            "self_link": "https://www.googleapis.com/compute/v1/projects/testproject-261510/global/firewalls/firewall-master",
            "source_ranges": [
              "0.0.0.0/0"
            ],
            "source_service_accounts": null,
            "source_tags": [
              "web"
            ],
            "target_service_accounts": null,
            "target_tags": null,
            "timeouts": null
          },
          "private": "eyJlMmJmYjczMC1lY2FhLTExZTYtOGY4OC0zNDM2M2JjN2M0YzAiOnsiY3JlYXRlIjoyNDAwMDAwMDAwMDAsImRlbGV0ZSI6MjQwMDAwMDAwMDAwLCJ1cGRhdGUiOjI0MDAwMDAwMDAwMH0sInNjaGVtYV92ZXJzaW9uIjoiMSJ9",
          "dependencies": [
            "google_compute_network.vpc_network"
          ]
        }
      ]
    },
    {
      "mode": "managed",
      "type": "google_compute_instance",
      "name": "vm_instance",
      "each": "list",
      "provider": "provider.google",
      "instances": [
        {
          "index_key": 0,
          "schema_version": 6,
          "attributes": {
            "allow_stopping_for_update": null,
            "attached_disk": [],
            "boot_disk": [
              {
                "auto_delete": true,
                "device_name": "persistent-disk-0",
                "disk_encryption_key_raw": "",
                "disk_encryption_key_sha256": "",
                "initialize_params": [
                  {
                    "image": "https://www.googleapis.com/compute/v1/projects/debian-cloud/global/images/debian-9-stretch-v20191210",
                    "labels": {},
                    "size": 10,
                    "type": "pd-standard"
                  }
                ],
                "kms_key_self_link": "",
                "mode": "READ_WRITE",
                "source": "https://www.googleapis.com/compute/v1/projects/testproject-261510/zones/europe-north1-a/disks/master-0"
              }
            ],
            "can_ip_forward": false,
            "cpu_platform": "Intel Skylake",
            "deletion_protection": false,
            "description": "",
            "enable_display": false,
            "guest_accelerator": [],
            "hostname": "",
            "id": "projects/testproject-261510/zones/europe-north1-a/instances/master-0",
            "instance_id": "7017258913442684305",
            "label_fingerprint": "42WmSpB8rSM=",
            "labels": null,
            "machine_type": "n1-standard-1",
            "metadata": {
              "ssh-keys": "c15knn:ssh-rsa AAAAB3NzaC1yc2EAAAADAQABAAACAQC4oIJAWmyoEVZbU3RC6fUiQjFqEmeyQ/SYJFWYnRLVT5fFp4kxMg2mDp2GUsGKXZBry51dXsRQ+2xGwaNaPFO6BM08J4PW2RO9daSmTeQIss35y/4jjrzu0lMgTDskwxQLA7KEJ26o9+ao7IvxcdRIrlZH/kBii4Hi775Lfemw1/kL27gKcJ+i1xgrwzD5h6rMwXkGAi9psVvhtzq7yc9Fk4YFlbQs5WvDx4dw/zyCEq+WvZO08/rG34D9V7gmDsnL7T+GNTgTShsWvELRUPuLWEzUPS/VsYRrG0PDhakmKMwoJUY8ro/MkOz2F1MF3O9aMYNSJqfISe834LPCFpO0IKwcxDvuwnm8yygvmWan51vHdxuWjx85XgwXbJhIk6hEFjU4/tsAvZvOl4NEmgU591UBTuF8GddzOWwpsVzWQHkgEm3TWz96C3u3PX9+q6NJGUXpuWPeFaxigJao7hNDyiGzbsaBFB3/5vBuNXFJ5Rs4794iV+3tvo5YSus2jZC3+l9ZZRJnXnzbu8KGWdwEoC/TKd03wj4v6mmhvSZkJXWpFP0CC6MJpoHCNasTgWabf8Zll0tuOur9YY2D3xVxCLZb0UmO1PfHXNvfeIT+4GFDAnpHxlT5vUAXQfMZfwFoBlX/59up1ZSd207pVgv+9vlJRrU+ls7/azZLHrv6EQ== nygrenkaj\n"
            },
            "metadata_fingerprint": "sENO6VDGFck=",
            "metadata_startup_script": "#!/bin/bash\nsudo apt-get update\nsudo curl -sSL https://get.docker.com/ | sh\nsudo systemctl start docker\n#sudo docker run -d -p 80:80 nginx\nsudo docker run -d -p 5000:5000 gcr.io/testproject-261510/master:latest\nsudo docker run --rm --name rabbitmq -p 5672:5672 -p 15672:15672 rabbitmq:3-management\n",
            "min_cpu_platform": "",
            "name": "master-0",
            "network_interface": [
              {
                "access_config": [
                  {
                    "nat_ip": "35.228.95.170",
                    "network_tier": "PREMIUM",
                    "public_ptr_domain_name": ""
                  }
                ],
                "alias_ip_range": [],
                "name": "nic0",
                "network": "https://www.googleapis.com/compute/v1/projects/testproject-261510/global/networks/network-master",
                "network_ip": "10.166.0.2",
                "subnetwork": "https://www.googleapis.com/compute/v1/projects/testproject-261510/regions/europe-north1/subnetworks/network-master",
                "subnetwork_project": "testproject-261510"
              }
            ],
            "project": "testproject-261510",
            "scheduling": [
              {
                "automatic_restart": true,
                "node_affinities": [],
                "on_host_maintenance": "MIGRATE",
                "preemptible": false
              }
            ],
            "scratch_disk": [],
            "self_link": "https://www.googleapis.com/compute/v1/projects/testproject-261510/zones/europe-north1-a/instances/master-0",
            "service_account": [],
            "shielded_instance_config": [],
            "tags": null,
            "tags_fingerprint": "42WmSpB8rSM=",
            "timeouts": null,
            "zone": "europe-north1-a"
          },
          "private": "eyJlMmJmYjczMC1lY2FhLTExZTYtOGY4OC0zNDM2M2JjN2M0YzAiOnsiY3JlYXRlIjoxMjAwMDAwMDAwMDAwLCJkZWxldGUiOjEyMDAwMDAwMDAwMDAsInVwZGF0ZSI6MTIwMDAwMDAwMDAwMH0sInNjaGVtYV92ZXJzaW9uIjoiNiJ9",
          "dependencies": [
            "google_compute_network.vpc_network"
          ]
        }
      ]
    },
    {
      "mode": "managed",
      "type": "google_compute_network",
      "name": "vpc_network",
      "provider": "provider.google",
      "instances": [
        {
          "schema_version": 0,
          "attributes": {
            "auto_create_subnetworks": true,
            "delete_default_routes_on_create": false,
            "description": "",
            "gateway_ipv4": "",
            "id": "projects/testproject-261510/global/networks/network-master",
            "ipv4_range": null,
            "name": "network-master",
            "project": "testproject-261510",
            "routing_mode": "REGIONAL",
            "self_link": "https://www.googleapis.com/compute/v1/projects/testproject-261510/global/networks/network-master",
            "timeouts": null
          },
          "private": "eyJlMmJmYjczMC1lY2FhLTExZTYtOGY4OC0zNDM2M2JjN2M0YzAiOnsiY3JlYXRlIjoyNDAwMDAwMDAwMDAsImRlbGV0ZSI6MjQwMDAwMDAwMDAwLCJ1cGRhdGUiOjI0MDAwMDAwMDAwMH19"
        }
      ]
    }
  ]
}
